
Microsoft Visual Studio Solution File, Format Version 12.00
# Visual Studio Version 17
VisualStudioVersion = 17.2.32616.157
MinimumVisualStudioVersion = 10.0.40219.1
Project("{9A19103F-16F7-4668-BE54-9A1E7A4F7556}") = "ejercicio1", "ejercicio1\ejercicio1.csproj", "{CD15A43E-8D3F-4CCE-884A-ACCCE0974800}"
EndProject
Project("{9A19103F-16F7-4668-BE54-9A1E7A4F7556}") = "ejercicio2", "ejercicio2\ejercicio2.csproj", "{47B1EA7C-2161-41D8-98B8-152502D7F945}"
EndProject
Project("{9A19103F-16F7-4668-BE54-9A1E7A4F7556}") = "ejercicio3", "ejercicio3\ejercicio3.csproj", "{84B0390F-4A23-4D30-978F-CABF33D8AC5E}"
EndProject
Project("{FAE04EC0-301F-11D3-BF4B-00C04F79EFBC}") = "ejercicio4", "ejercicio4\ejercicio4.csproj", "{B5CE2725-225E-43A9-A611-953576A1FC6F}"
EndProject
Global
	GlobalSection(SolutionConfigurationPlatforms) = preSolution
		Debug|Any CPU = Debug|Any CPU
		Release|Any CPU = Release|Any CPU
	EndGlobalSection
	GlobalSection(ProjectConfigurationPlatforms) = postSolution
		{CD15A43E-8D3F-4CCE-884A-ACCCE0974800}.Debug|Any CPU.ActiveCfg = Debug|Any CPU
		{CD15A43E-8D3F-4CCE-884A-ACCCE0974800}.Debug|Any CPU.Build.0 = Debug|Any CPU
		{CD15A43E-8D3F-4CCE-884A-ACCCE0974800}.Release|Any CPU.ActiveCfg = Release|Any CPU
		{CD15A43E-8D3F-4CCE-884A-ACCCE0974800}.Release|Any CPU.Build.0 = Release|Any CPU
		{47B1EA7C-2161-41D8-98B8-152502D7F945}.Debug|Any CPU.ActiveCfg = Debug|Any CPU
		{47B1EA7C-2161-41D8-98B8-152502D7F945}.Debug|Any CPU.Build.0 = Debug|Any CPU
		{47B1EA7C-2161-41D8-98B8-152502D7F945}.Release|Any CPU.ActiveCfg = Release|Any CPU
		{47B1EA7C-2161-41D8-98B8-152502D7F945}.Release|Any CPU.Build.0 = Release|Any CPU
		{84B0390F-4A23-4D30-978F-CABF33D8AC5E}.Debug|Any CPU.ActiveCfg = Debug|Any CPU
		{84B0390F-4A23-4D30-978F-CABF33D8AC5E}.Debug|Any CPU.Build.0 = Debug|Any CPU
		{84B0390F-4A23-4D30-978F-CABF33D8AC5E}.Release|Any CPU.ActiveCfg = Release|Any CPU
		{84B0390F-4A23-4D30-978F-CABF33D8AC5E}.Release|Any CPU.Build.0 = Release|Any CPU
		{B5CE2725-225E-43A9-A611-953576A1FC6F}.Debug|Any CPU.ActiveCfg = Debug|Any CPU
		{B5CE2725-225E-43A9-A611-953576A1FC6F}.Debug|Any CPU.Build.0 = Debug|Any CPU
		{B5CE2725-225E-43A9-A611-953576A1FC6F}.Release|Any CPU.ActiveCfg = Release|Any CPU
		{B5CE2725-225E-43A9-A611-953576A1FC6F}.Release|Any CPU.Build.0 = Release|Any CPU
	EndGlobalSection
	GlobalSection(SolutionProperties) = preSolution
		HideSolutionNode = FALSE
	EndGlobalSection
	GlobalSection(ExtensibilityGlobals) = postSolution
		SolutionGuid = {C4A98639-6427-4166-A261-69F7EB0F9A13}
	EndGlobalSection
EndGlobal
